
Microsoft Visual Studio Solution File, Format Version 12.00
# Visual Studio Version 16
VisualStudioVersion = 16.0.29424.173
MinimumVisualStudioVersion = 10.0.40219.1
Project("{9A19103F-16F7-4668-BE54-9A1E7A4F7556}") = "VSphere", "VSphere\VSphere.csproj", "{895642C8-AE29-4779-8A60-C5BB42FE7E8D}"
EndProject
Global
	GlobalSection(SolutionConfigurationPlatforms) = preSolution
		Debug|Any CPU = Debug|Any CPU
		Debug|x86 = Debug|x86
		Release|Any CPU = Release|Any CPU
		Release|x86 = Release|x86
	EndGlobalSection
	GlobalSection(ProjectConfigurationPlatforms) = postSolution
		{895642C8-AE29-4779-8A60-C5BB42FE7E8D}.Debug|Any CPU.ActiveCfg = Debug|Any CPU
		{895642C8-AE29-4779-8A60-C5BB42FE7E8D}.Debug|Any CPU.Build.0 = Debug|Any CPU
		{895642C8-AE29-4779-8A60-C5BB42FE7E8D}.Debug|x86.ActiveCfg = Debug|Any CPU
		{895642C8-AE29-4779-8A60-C5BB42FE7E8D}.Debug|x86.Build.0 = Debug|Any CPU
		{895642C8-AE29-4779-8A60-C5BB42FE7E8D}.Release|Any CPU.ActiveCfg = Release|Any CPU
		{895642C8-AE29-4779-8A60-C5BB42FE7E8D}.Release|Any CPU.Build.0 = Release|Any CPU
		{895642C8-AE29-4779-8A60-C5BB42FE7E8D}.Release|x86.ActiveCfg = Release|Any CPU
		{895642C8-AE29-4779-8A60-C5BB42FE7E8D}.Release|x86.Build.0 = Release|Any CPU
	EndGlobalSection
	GlobalSection(SolutionProperties) = preSolution
		HideSolutionNode = FALSE
	EndGlobalSection
	GlobalSection(ExtensibilityGlobals) = postSolution
		SolutionGuid = {5ECBC77D-6EDE-412C-AC7E-8EB7A0BD677D}
	EndGlobalSection
EndGlobal
